// !$*UTF8*$!
{
	archiveVersion = 1;
	classes = {
	};
	objectVersion = 46;
	objects = {

/* Begin PBXBuildFile section */
		211A05832DAAF15A90F7C4A2 /* Pods_Project_SOS.framework in Frameworks */ = {isa = PBXBuildFile; fileRef = D1283DFECE8A98706EC96278 /* Pods_Project_SOS.framework */; };
		6A15CBC41F72806900F74B1A /* BY_CharacterIntroduceViewController.swift in Sources */ = {isa = PBXBuildFile; fileRef = 6A15CBC31F72806800F74B1A /* BY_CharacterIntroduceViewController.swift */; };
		6A15CBCA1F72AEB300F74B1A /* BY_MainTableViewController.swift in Sources */ = {isa = PBXBuildFile; fileRef = 6A15CBC91F72AEB300F74B1A /* BY_MainTableViewController.swift */; };
		6A15CBCC1F72B20200F74B1A /* BY_SearchPresentOverNavigationBarViewController.swift in Sources */ = {isa = PBXBuildFile; fileRef = 6A15CBCB1F72B20200F74B1A /* BY_SearchPresentOverNavigationBarViewController.swift */; };
		6A33C8541F60FBB6005FC0A8 /* README.md in Sources */ = {isa = PBXBuildFile; fileRef = 6A33C8531F60FBB6005FC0A8 /* README.md */; };
		6A33C85C1F6149C1005FC0A8 /* BY_CharacterChoiceViewController.swift in Sources */ = {isa = PBXBuildFile; fileRef = 6A33C85B1F6149C1005FC0A8 /* BY_CharacterChoiceViewController.swift */; };
		6A33C8641F614D19005FC0A8 /* BY_MainTableViewCell.swift in Sources */ = {isa = PBXBuildFile; fileRef = 6A33C8621F614D19005FC0A8 /* BY_MainTableViewCell.swift */; };
		6A33C8651F614D19005FC0A8 /* BY_MainTableViewCell.xib in Resources */ = {isa = PBXBuildFile; fileRef = 6A33C8631F614D19005FC0A8 /* BY_MainTableViewCell.xib */; };
		6A33C86C1F6175F9005FC0A8 /* BY_SearchResultsViewController.swift in Sources */ = {isa = PBXBuildFile; fileRef = 6A33C86B1F6175F9005FC0A8 /* BY_SearchResultsViewController.swift */; };
		6A94C4281F7FDFE500191CC9 /* Main.storyboard in Resources */ = {isa = PBXBuildFile; fileRef = D86539501F5E8C2B00D34790 /* Main.storyboard */; };
		6AC2A4291F81097A00138FCA /* Assets.xcassets in Resources */ = {isa = PBXBuildFile; fileRef = 6AC2A4281F81097A00138FCA /* Assets.xcassets */; };
		6AFBF11F1F74E3D600C0F2D1 /* BY_DetailTableViewCell.swift in Sources */ = {isa = PBXBuildFile; fileRef = 6AFBF11D1F74E3D600C0F2D1 /* BY_DetailTableViewCell.swift */; };
		6AFBF1201F74E3D600C0F2D1 /* BY_DetailTableViewCell.xib in Resources */ = {isa = PBXBuildFile; fileRef = 6AFBF11E1F74E3D600C0F2D1 /* BY_DetailTableViewCell.xib */; };
		6AFBF1241F74F97A00C0F2D1 /* BY_DetailViewController.swift in Sources */ = {isa = PBXBuildFile; fileRef = 6AFBF1231F74F97A00C0F2D1 /* BY_DetailViewController.swift */; };
		D8321BED1F6AB894006D7506 /* SM_DataTestViewController.swift in Sources */ = {isa = PBXBuildFile; fileRef = D8321BEC1F6AB894006D7506 /* SM_DataTestViewController.swift */; };
		D8321BEF1F6BBD81006D7506 /* SM_DataTestStoryboard.storyboard in Resources */ = {isa = PBXBuildFile; fileRef = D8321BEE1F6BBD81006D7506 /* SM_DataTestStoryboard.storyboard */; };
		D8321BF31F6D17A2006D7506 /* SM_DataCenter.swift in Sources */ = {isa = PBXBuildFile; fileRef = D8321BF21F6D17A2006D7506 /* SM_DataCenter.swift */; };
		D862F9751F74E36A00D85971 /* SM_Constants.swift in Sources */ = {isa = PBXBuildFile; fileRef = D862F9741F74E36A00D85971 /* SM_Constants.swift */; };
		D865394D1F5E8C2B00D34790 /* AppDelegate.swift in Sources */ = {isa = PBXBuildFile; fileRef = D865394C1F5E8C2B00D34790 /* AppDelegate.swift */; };
		D86539571F5E8C2B00D34790 /* LaunchScreen.storyboard in Resources */ = {isa = PBXBuildFile; fileRef = D86539551F5E8C2B00D34790 /* LaunchScreen.storyboard */; };
		D88019BD1F7389C800DDF7B6 /* BubbleTableViewCell.swift in Sources */ = {isa = PBXBuildFile; fileRef = D88019BB1F7389C800DDF7B6 /* BubbleTableViewCell.swift */; };
		D88019C41F73AAD900DDF7B6 /* MainTableViewCell.xib in Resources */ = {isa = PBXBuildFile; fileRef = D88019C21F73AAD900DDF7B6 /* MainTableViewCell.xib */; };
		D88019C81F73AF0900DDF7B6 /* SM_MainTableViewController.swift in Sources */ = {isa = PBXBuildFile; fileRef = D88019C71F73AF0900DDF7B6 /* SM_MainTableViewController.swift */; };
		D8C6EA081F766B6E00E10A17 /* GoogleService-Info.plist in Resources */ = {isa = PBXBuildFile; fileRef = D8C6EA071F766B6E00E10A17 /* GoogleService-Info.plist */; };
		D8C6EA091F766D1E00E10A17 /* MainTableViewCell.swift in Sources */ = {isa = PBXBuildFile; fileRef = D88019C11F73AAD900DDF7B6 /* MainTableViewCell.swift */; };
		D8C6EA0B1F7684ED00E10A17 /* SM_BubbleTableViewController.swift in Sources */ = {isa = PBXBuildFile; fileRef = D8C6EA0A1F7684ED00E10A17 /* SM_BubbleTableViewController.swift */; };
		FE0E3E921F7C0F0800FCBCCD /* JS_Test.storyboard in Resources */ = {isa = PBXBuildFile; fileRef = FE0E3E911F7C0F0800FCBCCD /* JS_Test.storyboard */; };
		FE0E3E961F7C0F4A00FCBCCD /* JS_TestSimpleMarkDownParserViewController.swift in Sources */ = {isa = PBXBuildFile; fileRef = FE0E3E931F7C0F4900FCBCCD /* JS_TestSimpleMarkDownParserViewController.swift */; };
		FE0E3E971F7C0F4A00FCBCCD /* JS_TestAdMobViewController.swift in Sources */ = {isa = PBXBuildFile; fileRef = FE0E3E941F7C0F4900FCBCCD /* JS_TestAdMobViewController.swift */; };
		FE0E3E981F7C0F4A00FCBCCD /* JS_TestSendMailViewController.swift in Sources */ = {isa = PBXBuildFile; fileRef = FE0E3E951F7C0F4A00FCBCCD /* JS_TestSendMailViewController.swift */; };
		FE0E3E9A1F7C184900FCBCCD /* JS_TestWebViewViewController.swift in Sources */ = {isa = PBXBuildFile; fileRef = FE0E3E991F7C184900FCBCCD /* JS_TestWebViewViewController.swift */; };
		FEA1675C1F7E264E00C6E9BA /* JS_TestShareViewController.swift in Sources */ = {isa = PBXBuildFile; fileRef = FEA1675B1F7E264E00C6E9BA /* JS_TestShareViewController.swift */; };
/* End PBXBuildFile section */

/* Begin PBXFileReference section */
		4FFCFBBBCA24EB7416E4C41E /* Pods-Project_SOS.release.xcconfig */ = {isa = PBXFileReference; includeInIndex = 1; lastKnownFileType = text.xcconfig; name = "Pods-Project_SOS.release.xcconfig"; path = "Pods/Target Support Files/Pods-Project_SOS/Pods-Project_SOS.release.xcconfig"; sourceTree = "<group>"; };
		6A15CBC31F72806800F74B1A /* BY_CharacterIntroduceViewController.swift */ = {isa = PBXFileReference; lastKnownFileType = sourcecode.swift; path = BY_CharacterIntroduceViewController.swift; sourceTree = "<group>"; };
		6A15CBC91F72AEB300F74B1A /* BY_MainTableViewController.swift */ = {isa = PBXFileReference; lastKnownFileType = sourcecode.swift; path = BY_MainTableViewController.swift; sourceTree = "<group>"; };
		6A15CBCB1F72B20200F74B1A /* BY_SearchPresentOverNavigationBarViewController.swift */ = {isa = PBXFileReference; lastKnownFileType = sourcecode.swift; path = BY_SearchPresentOverNavigationBarViewController.swift; sourceTree = "<group>"; };
		6A33C8531F60FBB6005FC0A8 /* README.md */ = {isa = PBXFileReference; fileEncoding = 4; lastKnownFileType = net.daringfireball.markdown; path = README.md; sourceTree = "<group>"; };
		6A33C85B1F6149C1005FC0A8 /* BY_CharacterChoiceViewController.swift */ = {isa = PBXFileReference; fileEncoding = 4; lastKnownFileType = sourcecode.swift; path = BY_CharacterChoiceViewController.swift; sourceTree = "<group>"; };
		6A33C8621F614D19005FC0A8 /* BY_MainTableViewCell.swift */ = {isa = PBXFileReference; fileEncoding = 4; lastKnownFileType = sourcecode.swift; path = BY_MainTableViewCell.swift; sourceTree = "<group>"; };
		6A33C8631F614D19005FC0A8 /* BY_MainTableViewCell.xib */ = {isa = PBXFileReference; fileEncoding = 4; lastKnownFileType = file.xib; path = BY_MainTableViewCell.xib; sourceTree = "<group>"; };
		6A33C86B1F6175F9005FC0A8 /* BY_SearchResultsViewController.swift */ = {isa = PBXFileReference; fileEncoding = 4; lastKnownFileType = sourcecode.swift; path = BY_SearchResultsViewController.swift; sourceTree = "<group>"; };
		6AC2A4281F81097A00138FCA /* Assets.xcassets */ = {isa = PBXFileReference; lastKnownFileType = folder.assetcatalog; path = Assets.xcassets; sourceTree = "<group>"; };
		6AFBF11D1F74E3D600C0F2D1 /* BY_DetailTableViewCell.swift */ = {isa = PBXFileReference; lastKnownFileType = sourcecode.swift; path = BY_DetailTableViewCell.swift; sourceTree = "<group>"; };
		6AFBF11E1F74E3D600C0F2D1 /* BY_DetailTableViewCell.xib */ = {isa = PBXFileReference; lastKnownFileType = file.xib; path = BY_DetailTableViewCell.xib; sourceTree = "<group>"; };
		6AFBF1231F74F97A00C0F2D1 /* BY_DetailViewController.swift */ = {isa = PBXFileReference; lastKnownFileType = sourcecode.swift; path = BY_DetailViewController.swift; sourceTree = "<group>"; };
		C657B9AEE75AF94BD49C18F3 /* Pods-Project_SOS.debug.xcconfig */ = {isa = PBXFileReference; includeInIndex = 1; lastKnownFileType = text.xcconfig; name = "Pods-Project_SOS.debug.xcconfig"; path = "Pods/Target Support Files/Pods-Project_SOS/Pods-Project_SOS.debug.xcconfig"; sourceTree = "<group>"; };
		D1283DFECE8A98706EC96278 /* Pods_Project_SOS.framework */ = {isa = PBXFileReference; explicitFileType = wrapper.framework; includeInIndex = 0; path = Pods_Project_SOS.framework; sourceTree = BUILT_PRODUCTS_DIR; };
		D8321BEC1F6AB894006D7506 /* SM_DataTestViewController.swift */ = {isa = PBXFileReference; fileEncoding = 4; lastKnownFileType = sourcecode.swift; path = SM_DataTestViewController.swift; sourceTree = "<group>"; };
		D8321BEE1F6BBD81006D7506 /* SM_DataTestStoryboard.storyboard */ = {isa = PBXFileReference; fileEncoding = 4; lastKnownFileType = file.storyboard; path = SM_DataTestStoryboard.storyboard; sourceTree = "<group>"; };
		D8321BF21F6D17A2006D7506 /* SM_DataCenter.swift */ = {isa = PBXFileReference; fileEncoding = 4; lastKnownFileType = sourcecode.swift; path = SM_DataCenter.swift; sourceTree = "<group>"; };
		D862F9741F74E36A00D85971 /* SM_Constants.swift */ = {isa = PBXFileReference; lastKnownFileType = sourcecode.swift; path = SM_Constants.swift; sourceTree = "<group>"; };
		D86416351F80C4AF00AB5B01 /* closeBtn.png */ = {isa = PBXFileReference; lastKnownFileType = image.png; path = closeBtn.png; sourceTree = "<group>"; };
		D86416361F80C5CA00AB5B01 /* test.png */ = {isa = PBXFileReference; lastKnownFileType = image.png; path = test.png; sourceTree = "<group>"; };
		D86539491F5E8C2B00D34790 /* Project_SOS.app */ = {isa = PBXFileReference; explicitFileType = wrapper.application; includeInIndex = 0; path = Project_SOS.app; sourceTree = BUILT_PRODUCTS_DIR; };
		D865394C1F5E8C2B00D34790 /* AppDelegate.swift */ = {isa = PBXFileReference; lastKnownFileType = sourcecode.swift; path = AppDelegate.swift; sourceTree = "<group>"; };
		D86539511F5E8C2B00D34790 /* Base */ = {isa = PBXFileReference; lastKnownFileType = file.storyboard; name = Base; path = Base.lproj/Main.storyboard; sourceTree = "<group>"; };
		D86539561F5E8C2B00D34790 /* Base */ = {isa = PBXFileReference; lastKnownFileType = file.storyboard; name = Base; path = Base.lproj/LaunchScreen.storyboard; sourceTree = "<group>"; };
		D86539581F5E8C2B00D34790 /* Info.plist */ = {isa = PBXFileReference; lastKnownFileType = text.plist.xml; path = Info.plist; sourceTree = "<group>"; };
		D88019BB1F7389C800DDF7B6 /* BubbleTableViewCell.swift */ = {isa = PBXFileReference; lastKnownFileType = sourcecode.swift; path = BubbleTableViewCell.swift; sourceTree = "<group>"; };
		D88019BC1F7389C800DDF7B6 /* BubbleTableViewCell.xib */ = {isa = PBXFileReference; lastKnownFileType = file.xib; path = BubbleTableViewCell.xib; sourceTree = "<group>"; };
		D88019C11F73AAD900DDF7B6 /* MainTableViewCell.swift */ = {isa = PBXFileReference; lastKnownFileType = sourcecode.swift; path = MainTableViewCell.swift; sourceTree = "<group>"; };
		D88019C21F73AAD900DDF7B6 /* MainTableViewCell.xib */ = {isa = PBXFileReference; lastKnownFileType = file.xib; path = MainTableViewCell.xib; sourceTree = "<group>"; };
		D88019C71F73AF0900DDF7B6 /* SM_MainTableViewController.swift */ = {isa = PBXFileReference; lastKnownFileType = sourcecode.swift; path = SM_MainTableViewController.swift; sourceTree = "<group>"; };
		D8C6EA071F766B6E00E10A17 /* GoogleService-Info.plist */ = {isa = PBXFileReference; fileEncoding = 4; lastKnownFileType = text.plist.xml; path = "GoogleService-Info.plist"; sourceTree = "<group>"; };
		D8C6EA0A1F7684ED00E10A17 /* SM_BubbleTableViewController.swift */ = {isa = PBXFileReference; lastKnownFileType = sourcecode.swift; path = SM_BubbleTableViewController.swift; sourceTree = "<group>"; };
		FE0E3E911F7C0F0800FCBCCD /* JS_Test.storyboard */ = {isa = PBXFileReference; fileEncoding = 4; lastKnownFileType = file.storyboard; name = JS_Test.storyboard; path = JS_Test/JS_Test.storyboard; sourceTree = "<group>"; };
		FE0E3E931F7C0F4900FCBCCD /* JS_TestSimpleMarkDownParserViewController.swift */ = {isa = PBXFileReference; fileEncoding = 4; lastKnownFileType = sourcecode.swift; name = JS_TestSimpleMarkDownParserViewController.swift; path = JS_Test/JS_TestSimpleMarkDownParserViewController.swift; sourceTree = "<group>"; };
		FE0E3E941F7C0F4900FCBCCD /* JS_TestAdMobViewController.swift */ = {isa = PBXFileReference; fileEncoding = 4; lastKnownFileType = sourcecode.swift; name = JS_TestAdMobViewController.swift; path = JS_Test/JS_TestAdMobViewController.swift; sourceTree = "<group>"; };
		FE0E3E951F7C0F4A00FCBCCD /* JS_TestSendMailViewController.swift */ = {isa = PBXFileReference; fileEncoding = 4; lastKnownFileType = sourcecode.swift; name = JS_TestSendMailViewController.swift; path = JS_Test/JS_TestSendMailViewController.swift; sourceTree = "<group>"; };
		FE0E3E991F7C184900FCBCCD /* JS_TestWebViewViewController.swift */ = {isa = PBXFileReference; lastKnownFileType = sourcecode.swift; name = JS_TestWebViewViewController.swift; path = JS_Test/JS_TestWebViewViewController.swift; sourceTree = "<group>"; };
		FEA1675B1F7E264E00C6E9BA /* JS_TestShareViewController.swift */ = {isa = PBXFileReference; lastKnownFileType = sourcecode.swift; name = JS_TestShareViewController.swift; path = JS_Test/JS_TestShareViewController.swift; sourceTree = "<group>"; };
/* End PBXFileReference section */

/* Begin PBXFrameworksBuildPhase section */
		D86539461F5E8C2B00D34790 /* Frameworks */ = {
			isa = PBXFrameworksBuildPhase;
			buildActionMask = 2147483647;
			files = (
				211A05832DAAF15A90F7C4A2 /* Pods_Project_SOS.framework in Frameworks */,
			);
			runOnlyForDeploymentPostprocessing = 0;
		};
/* End PBXFrameworksBuildPhase section */

/* Begin PBXGroup section */
		2F24D657DC2F1C7CF595B9A0 /* Frameworks */ = {
			isa = PBXGroup;
			children = (
				D1283DFECE8A98706EC96278 /* Pods_Project_SOS.framework */,
			);
			name = Frameworks;
			sourceTree = "<group>";
		};
		6A33C8661F617226005FC0A8 /* BY_Search Controllers */ = {
			isa = PBXGroup;
			children = (
				6A33C86B1F6175F9005FC0A8 /* BY_SearchResultsViewController.swift */,
				6A15CBCB1F72B20200F74B1A /* BY_SearchPresentOverNavigationBarViewController.swift */,
			);
			name = "BY_Search Controllers";
			sourceTree = "<group>";
		};
		886DD1A360487A28B9FE895F /* Pods */ = {
			isa = PBXGroup;
			children = (
				C657B9AEE75AF94BD49C18F3 /* Pods-Project_SOS.debug.xcconfig */,
				4FFCFBBBCA24EB7416E4C41E /* Pods-Project_SOS.release.xcconfig */,
			);
			name = Pods;
			sourceTree = "<group>";
		};
		D8321BEB1F6AB85F006D7506 /* SM_DataTest */ = {
			isa = PBXGroup;
			children = (
				D8321BEE1F6BBD81006D7506 /* SM_DataTestStoryboard.storyboard */,
				D8321BEC1F6AB894006D7506 /* SM_DataTestViewController.swift */,
				D88019C71F73AF0900DDF7B6 /* SM_MainTableViewController.swift */,
				D8C6EA0A1F7684ED00E10A17 /* SM_BubbleTableViewController.swift */,
				D8321BF21F6D17A2006D7506 /* SM_DataCenter.swift */,
				D862F9741F74E36A00D85971 /* SM_Constants.swift */,
				D88019C11F73AAD900DDF7B6 /* MainTableViewCell.swift */,
				D88019C21F73AAD900DDF7B6 /* MainTableViewCell.xib */,
				D88019BB1F7389C800DDF7B6 /* BubbleTableViewCell.swift */,
				D88019BC1F7389C800DDF7B6 /* BubbleTableViewCell.xib */,
				D88019BA1F73899000DDF7B6 /* testNib */,
			);
			name = SM_DataTest;
			sourceTree = "<group>";
		};
		D86539401F5E8C2B00D34790 = {
			isa = PBXGroup;
			children = (
				6A33C8531F60FBB6005FC0A8 /* README.md */,
				D865394B1F5E8C2B00D34790 /* Project_SOS */,
				D865394A1F5E8C2B00D34790 /* Products */,
				886DD1A360487A28B9FE895F /* Pods */,
				2F24D657DC2F1C7CF595B9A0 /* Frameworks */,
			);
			sourceTree = "<group>";
		};
		D865394A1F5E8C2B00D34790 /* Products */ = {
			isa = PBXGroup;
			children = (
				D86539491F5E8C2B00D34790 /* Project_SOS.app */,
			);
			name = Products;
			sourceTree = "<group>";
		};
		D865394B1F5E8C2B00D34790 /* Project_SOS */ = {
			isa = PBXGroup;
			children = (
				D86539501F5E8C2B00D34790 /* Main.storyboard */,
				D86539551F5E8C2B00D34790 /* LaunchScreen.storyboard */,
				D865394C1F5E8C2B00D34790 /* AppDelegate.swift */,
				6A15CBC91F72AEB300F74B1A /* BY_MainTableViewController.swift */,
				6A33C8621F614D19005FC0A8 /* BY_MainTableViewCell.swift */,
				6A33C8631F614D19005FC0A8 /* BY_MainTableViewCell.xib */,
				6AFBF1231F74F97A00C0F2D1 /* BY_DetailViewController.swift */,
				6AFBF11D1F74E3D600C0F2D1 /* BY_DetailTableViewCell.swift */,
				6AFBF11E1F74E3D600C0F2D1 /* BY_DetailTableViewCell.xib */,
				6A33C85B1F6149C1005FC0A8 /* BY_CharacterChoiceViewController.swift */,
				6A15CBC31F72806800F74B1A /* BY_CharacterIntroduceViewController.swift */,
				D86CA8821F7EB9EB009B732C /* Assets.xcassets */,
				D86416361F80C5CA00AB5B01 /* test.png */,
				D86416351F80C4AF00AB5B01 /* closeBtn.png */,
				6AC2A4281F81097A00138FCA /* Assets.xcassets */,
				FE4FE6E71F6C24B00052AFB0 /* JS_Test */,
				6A33C8661F617226005FC0A8 /* BY_Search Controllers */,
				D8321BEB1F6AB85F006D7506 /* SM_DataTest */,
				D86539581F5E8C2B00D34790 /* Info.plist */,
				D8C6EA071F766B6E00E10A17 /* GoogleService-Info.plist */,
			);
			path = Project_SOS;
			sourceTree = "<group>";
		};
		D88019BA1F73899000DDF7B6 /* testNib */ = {
			isa = PBXGroup;
			children = (
			);
			name = testNib;
			sourceTree = "<group>";
		};
		FE4FE6E71F6C24B00052AFB0 /* JS_Test */ = {
			isa = PBXGroup;
			children = (
				FE0E3E911F7C0F0800FCBCCD /* JS_Test.storyboard */,
				FE0E3E931F7C0F4900FCBCCD /* JS_TestSimpleMarkDownParserViewController.swift */,
				FE0E3E941F7C0F4900FCBCCD /* JS_TestAdMobViewController.swift */,
				FE0E3E951F7C0F4A00FCBCCD /* JS_TestSendMailViewController.swift */,
				FE0E3E991F7C184900FCBCCD /* JS_TestWebViewViewController.swift */,
				FEA1675B1F7E264E00C6E9BA /* JS_TestShareViewController.swift */,
			);
			name = JS_Test;
			sourceTree = "<group>";
		};
/* End PBXGroup section */

/* Begin PBXNativeTarget section */
		D86539481F5E8C2B00D34790 /* Project_SOS */ = {
			isa = PBXNativeTarget;
			buildConfigurationList = D865395B1F5E8C2B00D34790 /* Build configuration list for PBXNativeTarget "Project_SOS" */;
			buildPhases = (
				42C4B333AA892319CDB41665 /* [CP] Check Pods Manifest.lock */,
				D86539451F5E8C2B00D34790 /* Sources */,
				D86539461F5E8C2B00D34790 /* Frameworks */,
				D86539471F5E8C2B00D34790 /* Resources */,
				0F4BADFEF4D0A8DDEE3BE0D7 /* [CP] Embed Pods Frameworks */,
				D1FB5EA6D3BFFE43D80DED56 /* [CP] Copy Pods Resources */,
			);
			buildRules = (
			);
			dependencies = (
			);
			name = Project_SOS;
			productName = Project_SOS;
			productReference = D86539491F5E8C2B00D34790 /* Project_SOS.app */;
			productType = "com.apple.product-type.application";
		};
/* End PBXNativeTarget section */

/* Begin PBXProject section */
		D86539411F5E8C2B00D34790 /* Project object */ = {
			isa = PBXProject;
			attributes = {
				LastSwiftUpdateCheck = 0830;
				LastUpgradeCheck = 0830;
				ORGANIZATIONNAME = joe;
				TargetAttributes = {
					D86539481F5E8C2B00D34790 = {
						CreatedOnToolsVersion = 8.3.3;
						DevelopmentTeam = NN7QXHC8A3;
						ProvisioningStyle = Automatic;
					};
				};
			};
			buildConfigurationList = D86539441F5E8C2B00D34790 /* Build configuration list for PBXProject "Project_SOS" */;
			compatibilityVersion = "Xcode 3.2";
			developmentRegion = English;
			hasScannedForEncodings = 0;
			knownRegions = (
				en,
				Base,
			);
			mainGroup = D86539401F5E8C2B00D34790;
			productRefGroup = D865394A1F5E8C2B00D34790 /* Products */;
			projectDirPath = "";
			projectRoot = "";
			targets = (
				D86539481F5E8C2B00D34790 /* Project_SOS */,
			);
		};
/* End PBXProject section */

/* Begin PBXResourcesBuildPhase section */
		D86539471F5E8C2B00D34790 /* Resources */ = {
			isa = PBXResourcesBuildPhase;
			buildActionMask = 2147483647;
			files = (
				6AC2A4291F81097A00138FCA /* Assets.xcassets in Resources */,
				D86539571F5E8C2B00D34790 /* LaunchScreen.storyboard in Resources */,
				D8C6EA081F766B6E00E10A17 /* GoogleService-Info.plist in Resources */,
				6A33C8651F614D19005FC0A8 /* BY_MainTableViewCell.xib in Resources */,
				6A94C4281F7FDFE500191CC9 /* Main.storyboard in Resources */,
				D8321BEF1F6BBD81006D7506 /* SM_DataTestStoryboard.storyboard in Resources */,
				FE0E3E921F7C0F0800FCBCCD /* JS_Test.storyboard in Resources */,
				D88019C41F73AAD900DDF7B6 /* MainTableViewCell.xib in Resources */,
				6AFBF1201F74E3D600C0F2D1 /* BY_DetailTableViewCell.xib in Resources */,
			);
			runOnlyForDeploymentPostprocessing = 0;
		};
/* End PBXResourcesBuildPhase section */

/* Begin PBXShellScriptBuildPhase section */
		0F4BADFEF4D0A8DDEE3BE0D7 /* [CP] Embed Pods Frameworks */ = {
			isa = PBXShellScriptBuildPhase;
			buildActionMask = 2147483647;
			files = (
			);
			inputPaths = (
				"${SRCROOT}/Pods/Target Support Files/Pods-Project_SOS/Pods-Project_SOS-frameworks.sh",
				"${BUILT_PRODUCTS_DIR}/GTMSessionFetcher/GTMSessionFetcher.framework",
				"${BUILT_PRODUCTS_DIR}/GoogleToolboxForMac/GoogleToolboxForMac.framework",
				"${BUILT_PRODUCTS_DIR}/Kingfisher/Kingfisher.framework",
				"${BUILT_PRODUCTS_DIR}/SimpleMarkdownParser/SimpleMarkdownParser.framework",
				"${BUILT_PRODUCTS_DIR}/leveldb-library/leveldb.framework",
				"${BUILT_PRODUCTS_DIR}/nanopb/nanopb.framework",
			);
			name = "[CP] Embed Pods Frameworks";
			outputPaths = (
				"${TARGET_BUILD_DIR}/${FRAMEWORKS_FOLDER_PATH}/GTMSessionFetcher.framework",
				"${TARGET_BUILD_DIR}/${FRAMEWORKS_FOLDER_PATH}/GoogleToolboxForMac.framework",
				"${TARGET_BUILD_DIR}/${FRAMEWORKS_FOLDER_PATH}/Kingfisher.framework",
				"${TARGET_BUILD_DIR}/${FRAMEWORKS_FOLDER_PATH}/SimpleMarkdownParser.framework",
				"${TARGET_BUILD_DIR}/${FRAMEWORKS_FOLDER_PATH}/leveldb.framework",
				"${TARGET_BUILD_DIR}/${FRAMEWORKS_FOLDER_PATH}/nanopb.framework",
			);
			runOnlyForDeploymentPostprocessing = 0;
			shellPath = /bin/sh;
			shellScript = "\"${SRCROOT}/Pods/Target Support Files/Pods-Project_SOS/Pods-Project_SOS-frameworks.sh\"\n";
			showEnvVarsInLog = 0;
		};
		42C4B333AA892319CDB41665 /* [CP] Check Pods Manifest.lock */ = {
			isa = PBXShellScriptBuildPhase;
			buildActionMask = 2147483647;
			files = (
			);
			inputPaths = (
				"${PODS_PODFILE_DIR_PATH}/Podfile.lock",
				"${PODS_ROOT}/Manifest.lock",
			);
			name = "[CP] Check Pods Manifest.lock";
			outputPaths = (
				"$(DERIVED_FILE_DIR)/Pods-Project_SOS-checkManifestLockResult.txt",
			);
			runOnlyForDeploymentPostprocessing = 0;
			shellPath = /bin/sh;
			shellScript = "diff \"${PODS_PODFILE_DIR_PATH}/Podfile.lock\" \"${PODS_ROOT}/Manifest.lock\" > /dev/null\nif [ $? != 0 ] ; then\n    # print error to STDERR\n    echo \"error: The sandbox is not in sync with the Podfile.lock. Run 'pod install' or update your CocoaPods installation.\" >&2\n    exit 1\nfi\n# This output is used by Xcode 'outputs' to avoid re-running this script phase.\necho \"SUCCESS\" > \"${SCRIPT_OUTPUT_FILE_0}\"\n";
			showEnvVarsInLog = 0;
		};
		D1FB5EA6D3BFFE43D80DED56 /* [CP] Copy Pods Resources */ = {
			isa = PBXShellScriptBuildPhase;
			buildActionMask = 2147483647;
			files = (
			);
			inputPaths = (
			);
			name = "[CP] Copy Pods Resources";
			outputPaths = (
			);
			runOnlyForDeploymentPostprocessing = 0;
			shellPath = /bin/sh;
			shellScript = "\"${SRCROOT}/Pods/Target Support Files/Pods-Project_SOS/Pods-Project_SOS-resources.sh\"\n";
			showEnvVarsInLog = 0;
		};
/* End PBXShellScriptBuildPhase section */

/* Begin PBXSourcesBuildPhase section */
		D86539451F5E8C2B00D34790 /* Sources */ = {
			isa = PBXSourcesBuildPhase;
			buildActionMask = 2147483647;
			files = (
				6A15CBCC1F72B20200F74B1A /* BY_SearchPresentOverNavigationBarViewController.swift in Sources */,
				FEA1675C1F7E264E00C6E9BA /* JS_TestShareViewController.swift in Sources */,
				FE0E3E981F7C0F4A00FCBCCD /* JS_TestSendMailViewController.swift in Sources */,
				6A33C85C1F6149C1005FC0A8 /* BY_CharacterChoiceViewController.swift in Sources */,
				FE0E3E971F7C0F4A00FCBCCD /* JS_TestAdMobViewController.swift in Sources */,
				D862F9751F74E36A00D85971 /* SM_Constants.swift in Sources */,
				FE0E3E961F7C0F4A00FCBCCD /* JS_TestSimpleMarkDownParserViewController.swift in Sources */,
				D8C6EA091F766D1E00E10A17 /* MainTableViewCell.swift in Sources */,
				D8321BED1F6AB894006D7506 /* SM_DataTestViewController.swift in Sources */,
				6AFBF1241F74F97A00C0F2D1 /* BY_DetailViewController.swift in Sources */,
				6A33C86C1F6175F9005FC0A8 /* BY_SearchResultsViewController.swift in Sources */,
				6A15CBC41F72806900F74B1A /* BY_CharacterIntroduceViewController.swift in Sources */,
				6A15CBCA1F72AEB300F74B1A /* BY_MainTableViewController.swift in Sources */,
				FE0E3E9A1F7C184900FCBCCD /* JS_TestWebViewViewController.swift in Sources */,
				D8321BF31F6D17A2006D7506 /* SM_DataCenter.swift in Sources */,
				6AFBF11F1F74E3D600C0F2D1 /* BY_DetailTableViewCell.swift in Sources */,
				6A33C8541F60FBB6005FC0A8 /* README.md in Sources */,
				D8C6EA0B1F7684ED00E10A17 /* SM_BubbleTableViewController.swift in Sources */,
				D88019C81F73AF0900DDF7B6 /* SM_MainTableViewController.swift in Sources */,
				D865394D1F5E8C2B00D34790 /* AppDelegate.swift in Sources */,
				D88019BD1F7389C800DDF7B6 /* BubbleTableViewCell.swift in Sources */,
				6A33C8641F614D19005FC0A8 /* BY_MainTableViewCell.swift in Sources */,
			);
			runOnlyForDeploymentPostprocessing = 0;
		};
/* End PBXSourcesBuildPhase section */

/* Begin PBXVariantGroup section */
		D86539501F5E8C2B00D34790 /* Main.storyboard */ = {
			isa = PBXVariantGroup;
			children = (
				D86539511F5E8C2B00D34790 /* Base */,
			);
			name = Main.storyboard;
			sourceTree = "<group>";
		};
		D86539551F5E8C2B00D34790 /* LaunchScreen.storyboard */ = {
			isa = PBXVariantGroup;
			children = (
				D86539561F5E8C2B00D34790 /* Base */,
			);
			name = LaunchScreen.storyboard;
			sourceTree = "<group>";
		};
/* End PBXVariantGroup section */

/* Begin XCBuildConfiguration section */
		D86539591F5E8C2B00D34790 /* Debug */ = {
			isa = XCBuildConfiguration;
			buildSettings = {
				ALWAYS_SEARCH_USER_PATHS = NO;
				CLANG_ANALYZER_NONNULL = YES;
				CLANG_ANALYZER_NUMBER_OBJECT_CONVERSION = YES_AGGRESSIVE;
				CLANG_CXX_LANGUAGE_STANDARD = "gnu++0x";
				CLANG_CXX_LIBRARY = "libc++";
				CLANG_ENABLE_MODULES = YES;
				CLANG_ENABLE_OBJC_ARC = YES;
				CLANG_WARN_BOOL_CONVERSION = YES;
				CLANG_WARN_CONSTANT_CONVERSION = YES;
				CLANG_WARN_DIRECT_OBJC_ISA_USAGE = YES_ERROR;
				CLANG_WARN_DOCUMENTATION_COMMENTS = YES;
				CLANG_WARN_EMPTY_BODY = YES;
				CLANG_WARN_ENUM_CONVERSION = YES;
				CLANG_WARN_INFINITE_RECURSION = YES;
				CLANG_WARN_INT_CONVERSION = YES;
				CLANG_WARN_OBJC_ROOT_CLASS = YES_ERROR;
				CLANG_WARN_SUSPICIOUS_MOVE = YES;
				CLANG_WARN_UNREACHABLE_CODE = YES;
				CLANG_WARN__DUPLICATE_METHOD_MATCH = YES;
				"CODE_SIGN_IDENTITY[sdk=iphoneos*]" = "iPhone Developer";
				COPY_PHASE_STRIP = NO;
				DEBUG_INFORMATION_FORMAT = dwarf;
				ENABLE_STRICT_OBJC_MSGSEND = YES;
				ENABLE_TESTABILITY = YES;
				GCC_C_LANGUAGE_STANDARD = gnu99;
				GCC_DYNAMIC_NO_PIC = NO;
				GCC_NO_COMMON_BLOCKS = YES;
				GCC_OPTIMIZATION_LEVEL = 0;
				GCC_PREPROCESSOR_DEFINITIONS = (
					"DEBUG=1",
					"$(inherited)",
				);
				GCC_WARN_64_TO_32_BIT_CONVERSION = YES;
				GCC_WARN_ABOUT_RETURN_TYPE = YES_ERROR;
				GCC_WARN_UNDECLARED_SELECTOR = YES;
				GCC_WARN_UNINITIALIZED_AUTOS = YES_AGGRESSIVE;
				GCC_WARN_UNUSED_FUNCTION = YES;
				GCC_WARN_UNUSED_VARIABLE = YES;
				IPHONEOS_DEPLOYMENT_TARGET = 10.3;
				MTL_ENABLE_DEBUG_INFO = YES;
				ONLY_ACTIVE_ARCH = YES;
				SDKROOT = iphoneos;
				SWIFT_ACTIVE_COMPILATION_CONDITIONS = DEBUG;
				SWIFT_OPTIMIZATION_LEVEL = "-Onone";
			};
			name = Debug;
		};
		D865395A1F5E8C2B00D34790 /* Release */ = {
			isa = XCBuildConfiguration;
			buildSettings = {
				ALWAYS_SEARCH_USER_PATHS = NO;
				CLANG_ANALYZER_NONNULL = YES;
				CLANG_ANALYZER_NUMBER_OBJECT_CONVERSION = YES_AGGRESSIVE;
				CLANG_CXX_LANGUAGE_STANDARD = "gnu++0x";
				CLANG_CXX_LIBRARY = "libc++";
				CLANG_ENABLE_MODULES = YES;
				CLANG_ENABLE_OBJC_ARC = YES;
				CLANG_WARN_BOOL_CONVERSION = YES;
				CLANG_WARN_CONSTANT_CONVERSION = YES;
				CLANG_WARN_DIRECT_OBJC_ISA_USAGE = YES_ERROR;
				CLANG_WARN_DOCUMENTATION_COMMENTS = YES;
				CLANG_WARN_EMPTY_BODY = YES;
				CLANG_WARN_ENUM_CONVERSION = YES;
				CLANG_WARN_INFINITE_RECURSION = YES;
				CLANG_WARN_INT_CONVERSION = YES;
				CLANG_WARN_OBJC_ROOT_CLASS = YES_ERROR;
				CLANG_WARN_SUSPICIOUS_MOVE = YES;
				CLANG_WARN_UNREACHABLE_CODE = YES;
				CLANG_WARN__DUPLICATE_METHOD_MATCH = YES;
				"CODE_SIGN_IDENTITY[sdk=iphoneos*]" = "iPhone Developer";
				COPY_PHASE_STRIP = NO;
				DEBUG_INFORMATION_FORMAT = "dwarf-with-dsym";
				ENABLE_NS_ASSERTIONS = NO;
				ENABLE_STRICT_OBJC_MSGSEND = YES;
				GCC_C_LANGUAGE_STANDARD = gnu99;
				GCC_NO_COMMON_BLOCKS = YES;
				GCC_WARN_64_TO_32_BIT_CONVERSION = YES;
				GCC_WARN_ABOUT_RETURN_TYPE = YES_ERROR;
				GCC_WARN_UNDECLARED_SELECTOR = YES;
				GCC_WARN_UNINITIALIZED_AUTOS = YES_AGGRESSIVE;
				GCC_WARN_UNUSED_FUNCTION = YES;
				GCC_WARN_UNUSED_VARIABLE = YES;
				IPHONEOS_DEPLOYMENT_TARGET = 10.3;
				MTL_ENABLE_DEBUG_INFO = NO;
				SDKROOT = iphoneos;
				SWIFT_OPTIMIZATION_LEVEL = "-Owholemodule";
				VALIDATE_PRODUCT = YES;
			};
			name = Release;
		};
		D865395C1F5E8C2B00D34790 /* Debug */ = {
			isa = XCBuildConfiguration;
			baseConfigurationReference = C657B9AEE75AF94BD49C18F3 /* Pods-Project_SOS.debug.xcconfig */;
			buildSettings = {
				ASSETCATALOG_COMPILER_APPICON_NAME = AppIcon;
				DEVELOPMENT_TEAM = NN7QXHC8A3;
				INFOPLIST_FILE = Project_SOS/Info.plist;
				IPHONEOS_DEPLOYMENT_TARGET = 9.0;
				LD_RUNPATH_SEARCH_PATHS = "$(inherited) @executable_path/Frameworks";
				PRODUCT_BUNDLE_IDENTIFIER = com.sos.projectsos;
				PRODUCT_NAME = "$(TARGET_NAME)";
				SWIFT_VERSION = 3.0;
			};
			name = Debug;
		};
		D865395D1F5E8C2B00D34790 /* Release */ = {
			isa = XCBuildConfiguration;
			baseConfigurationReference = 4FFCFBBBCA24EB7416E4C41E /* Pods-Project_SOS.release.xcconfig */;
			buildSettings = {
				ASSETCATALOG_COMPILER_APPICON_NAME = AppIcon;
				DEVELOPMENT_TEAM = NN7QXHC8A3;
				INFOPLIST_FILE = Project_SOS/Info.plist;
				IPHONEOS_DEPLOYMENT_TARGET = 9.0;
				LD_RUNPATH_SEARCH_PATHS = "$(inherited) @executable_path/Frameworks";
				PRODUCT_BUNDLE_IDENTIFIER = com.sos.projectsos;
				PRODUCT_NAME = "$(TARGET_NAME)";
				SWIFT_VERSION = 3.0;
			};
			name = Release;
		};
/* End XCBuildConfiguration section */

/* Begin XCConfigurationList section */
		D86539441F5E8C2B00D34790 /* Build configuration list for PBXProject "Project_SOS" */ = {
			isa = XCConfigurationList;
			buildConfigurations = (
				D86539591F5E8C2B00D34790 /* Debug */,
				D865395A1F5E8C2B00D34790 /* Release */,
			);
			defaultConfigurationIsVisible = 0;
			defaultConfigurationName = Release;
		};
		D865395B1F5E8C2B00D34790 /* Build configuration list for PBXNativeTarget "Project_SOS" */ = {
			isa = XCConfigurationList;
			buildConfigurations = (
				D865395C1F5E8C2B00D34790 /* Debug */,
				D865395D1F5E8C2B00D34790 /* Release */,
			);
			defaultConfigurationIsVisible = 0;
			defaultConfigurationName = Release;
		};
/* End XCConfigurationList section */
	};
	rootObject = D86539411F5E8C2B00D34790 /* Project object */;
}
